
Microsoft Visual Studio Solution File, Format Version 12.00
# Visual Studio 2012
Project("{FAE04EC0-301F-11D3-BF4B-00C04F79EFBC}") = "Common.Utility", "Common.Utility\Common.Utility.csproj", "{7CDE2779-3AFA-4905-8AF2-A213C1A7EE5E}"
EndProject
Project("{FAE04EC0-301F-11D3-BF4B-00C04F79EFBC}") = "ConsoleTestCase", "ConsoleTestCase\ConsoleTestCase.csproj", "{541E758E-CECC-4E6F-8477-3210F39F58CC}"
EndProject
Global
	GlobalSection(SolutionConfigurationPlatforms) = preSolution
		Debug|Any CPU = Debug|Any CPU
		Release|Any CPU = Release|Any CPU
	EndGlobalSection
	GlobalSection(ProjectConfigurationPlatforms) = postSolution
		{7CDE2779-3AFA-4905-8AF2-A213C1A7EE5E}.Debug|Any CPU.ActiveCfg = Debug|Any CPU
		{7CDE2779-3AFA-4905-8AF2-A213C1A7EE5E}.Debug|Any CPU.Build.0 = Debug|Any CPU
		{7CDE2779-3AFA-4905-8AF2-A213C1A7EE5E}.Release|Any CPU.ActiveCfg = Release|Any CPU
		{7CDE2779-3AFA-4905-8AF2-A213C1A7EE5E}.Release|Any CPU.Build.0 = Release|Any CPU
		{541E758E-CECC-4E6F-8477-3210F39F58CC}.Debug|Any CPU.ActiveCfg = Debug|Any CPU
		{541E758E-CECC-4E6F-8477-3210F39F58CC}.Debug|Any CPU.Build.0 = Debug|Any CPU
		{541E758E-CECC-4E6F-8477-3210F39F58CC}.Release|Any CPU.ActiveCfg = Release|Any CPU
		{541E758E-CECC-4E6F-8477-3210F39F58CC}.Release|Any CPU.Build.0 = Release|Any CPU
	EndGlobalSection
	GlobalSection(SolutionProperties) = preSolution
		HideSolutionNode = FALSE
	EndGlobalSection
EndGlobal
